
Microsoft Visual Studio Solution File, Format Version 12.00
# Visual Studio 15
VisualStudioVersion = 15.0.27703.2000
MinimumVisualStudioVersion = 10.0.40219.1
Project("{FAE04EC0-301F-11D3-BF4B-00C04F79EFBC}") = "OfferSpace.DAL", "OfferSpace.DAL\OfferSpace.DAL.csproj", "{42847406-30B9-40F5-8D88-C4019FCD751A}"
EndProject
Project("{FAE04EC0-301F-11D3-BF4B-00C04F79EFBC}") = "OfferSpace.BL", "OfferSpace.BL\OfferSpace.BL.csproj", "{4F35C510-5BF3-4F58-8995-D70D6E8BF0D0}"
EndProject
Project("{FAE04EC0-301F-11D3-BF4B-00C04F79EFBC}") = "OfferSpace.Web", "OfferSpace.Web\OfferSpace.Web.csproj", "{2826708F-84B9-427F-8B4D-CF790CF34345}"
EndProject
Global
	GlobalSection(SolutionConfigurationPlatforms) = preSolution
		Debug|Any CPU = Debug|Any CPU
		Release|Any CPU = Release|Any CPU
	EndGlobalSection
	GlobalSection(ProjectConfigurationPlatforms) = postSolution
		{42847406-30B9-40F5-8D88-C4019FCD751A}.Debug|Any CPU.ActiveCfg = Debug|Any CPU
		{42847406-30B9-40F5-8D88-C4019FCD751A}.Debug|Any CPU.Build.0 = Debug|Any CPU
		{42847406-30B9-40F5-8D88-C4019FCD751A}.Release|Any CPU.ActiveCfg = Release|Any CPU
		{42847406-30B9-40F5-8D88-C4019FCD751A}.Release|Any CPU.Build.0 = Release|Any CPU
		{4F35C510-5BF3-4F58-8995-D70D6E8BF0D0}.Debug|Any CPU.ActiveCfg = Debug|Any CPU
		{4F35C510-5BF3-4F58-8995-D70D6E8BF0D0}.Debug|Any CPU.Build.0 = Debug|Any CPU
		{4F35C510-5BF3-4F58-8995-D70D6E8BF0D0}.Release|Any CPU.ActiveCfg = Release|Any CPU
		{4F35C510-5BF3-4F58-8995-D70D6E8BF0D0}.Release|Any CPU.Build.0 = Release|Any CPU
		{2826708F-84B9-427F-8B4D-CF790CF34345}.Debug|Any CPU.ActiveCfg = Debug|Any CPU
		{2826708F-84B9-427F-8B4D-CF790CF34345}.Debug|Any CPU.Build.0 = Debug|Any CPU
		{2826708F-84B9-427F-8B4D-CF790CF34345}.Release|Any CPU.ActiveCfg = Release|Any CPU
		{2826708F-84B9-427F-8B4D-CF790CF34345}.Release|Any CPU.Build.0 = Release|Any CPU
	EndGlobalSection
	GlobalSection(SolutionProperties) = preSolution
		HideSolutionNode = FALSE
	EndGlobalSection
	GlobalSection(ExtensibilityGlobals) = postSolution
		SolutionGuid = {BFD8A3C1-07A9-419A-8CC6-774F82DDA106}
	EndGlobalSection
EndGlobal
